
Microsoft Visual Studio Solution File, Format Version 12.00
# Visual Studio Version 17
VisualStudioVersion = 17.0.32112.339
MinimumVisualStudioVersion = 10.0.40219.1
Project("{9A19103F-16F7-4668-BE54-9A1E7A4F7556}") = "AbstractFoodDeliveryView", "AbstractFoodDeliveryView\AbstractFoodDeliveryView.csproj", "{E5E71975-0527-4C2B-8D48-39F9C1A73916}"
EndProject
Project("{9A19103F-16F7-4668-BE54-9A1E7A4F7556}") = "AbstractFoodDeliveryContracts", "AbstractFoodDeliveryContracts\AbstractFoodDeliveryContracts.csproj", "{F0179202-0886-4138-8B1B-3D0FE7F97352}"
EndProject
Project("{9A19103F-16F7-4668-BE54-9A1E7A4F7556}") = "AbstractFoodDeliveryBusinessLogic", "AbstractFoodDeliveryBusinessLogic\AbstractFoodDeliveryBusinessLogic.csproj", "{08C3F531-72A1-4BC8-AA09-41C64EAD0C46}"
EndProject
Project("{9A19103F-16F7-4668-BE54-9A1E7A4F7556}") = "AbstractFoodDeliveryListImplement", "AbstractFoodDeliveryListImplement\AbstractFoodDeliveryListImplement.csproj", "{58EED348-D789-4638-BBDE-9BA1C68A25E5}"
EndProject
Project("{9A19103F-16F7-4668-BE54-9A1E7A4F7556}") = "AbstractFoodDeliveryFileImplement", "AbstractFoodDeliveryFileImplement\AbstractFoodDeliveryFileImplement.csproj", "{9FDCCB3E-5E0B-4F0A-8B36-E7371D333885}"
EndProject
Project("{FAE04EC0-301F-11D3-BF4B-00C04F79EFBC}") = "AbstractFoodDeliveryDatabaseImplement", "AbstractFoodDeliveryDatabaseImplement\AbstractFoodDeliveryDatabaseImplement.csproj", "{6BFFF310-7994-4E4A-93DD-43C852A64456}"
EndProject
Global
	GlobalSection(SolutionConfigurationPlatforms) = preSolution
		Debug|Any CPU = Debug|Any CPU
		Release|Any CPU = Release|Any CPU
	EndGlobalSection
	GlobalSection(ProjectConfigurationPlatforms) = postSolution
		{E5E71975-0527-4C2B-8D48-39F9C1A73916}.Debug|Any CPU.ActiveCfg = Debug|Any CPU
		{E5E71975-0527-4C2B-8D48-39F9C1A73916}.Debug|Any CPU.Build.0 = Debug|Any CPU
		{E5E71975-0527-4C2B-8D48-39F9C1A73916}.Release|Any CPU.ActiveCfg = Release|Any CPU
		{E5E71975-0527-4C2B-8D48-39F9C1A73916}.Release|Any CPU.Build.0 = Release|Any CPU
		{F0179202-0886-4138-8B1B-3D0FE7F97352}.Debug|Any CPU.ActiveCfg = Debug|Any CPU
		{F0179202-0886-4138-8B1B-3D0FE7F97352}.Debug|Any CPU.Build.0 = Debug|Any CPU
		{F0179202-0886-4138-8B1B-3D0FE7F97352}.Release|Any CPU.ActiveCfg = Release|Any CPU
		{F0179202-0886-4138-8B1B-3D0FE7F97352}.Release|Any CPU.Build.0 = Release|Any CPU
		{08C3F531-72A1-4BC8-AA09-41C64EAD0C46}.Debug|Any CPU.ActiveCfg = Debug|Any CPU
		{08C3F531-72A1-4BC8-AA09-41C64EAD0C46}.Debug|Any CPU.Build.0 = Debug|Any CPU
		{08C3F531-72A1-4BC8-AA09-41C64EAD0C46}.Release|Any CPU.ActiveCfg = Release|Any CPU
		{08C3F531-72A1-4BC8-AA09-41C64EAD0C46}.Release|Any CPU.Build.0 = Release|Any CPU
		{58EED348-D789-4638-BBDE-9BA1C68A25E5}.Debug|Any CPU.ActiveCfg = Debug|Any CPU
		{58EED348-D789-4638-BBDE-9BA1C68A25E5}.Debug|Any CPU.Build.0 = Debug|Any CPU
		{58EED348-D789-4638-BBDE-9BA1C68A25E5}.Release|Any CPU.ActiveCfg = Release|Any CPU
		{58EED348-D789-4638-BBDE-9BA1C68A25E5}.Release|Any CPU.Build.0 = Release|Any CPU
		{9FDCCB3E-5E0B-4F0A-8B36-E7371D333885}.Debug|Any CPU.ActiveCfg = Debug|Any CPU
		{9FDCCB3E-5E0B-4F0A-8B36-E7371D333885}.Debug|Any CPU.Build.0 = Debug|Any CPU
		{9FDCCB3E-5E0B-4F0A-8B36-E7371D333885}.Release|Any CPU.ActiveCfg = Release|Any CPU
		{9FDCCB3E-5E0B-4F0A-8B36-E7371D333885}.Release|Any CPU.Build.0 = Release|Any CPU
		{6BFFF310-7994-4E4A-93DD-43C852A64456}.Debug|Any CPU.ActiveCfg = Debug|Any CPU
		{6BFFF310-7994-4E4A-93DD-43C852A64456}.Debug|Any CPU.Build.0 = Debug|Any CPU
		{6BFFF310-7994-4E4A-93DD-43C852A64456}.Release|Any CPU.ActiveCfg = Release|Any CPU
		{6BFFF310-7994-4E4A-93DD-43C852A64456}.Release|Any CPU.Build.0 = Release|Any CPU
	EndGlobalSection
	GlobalSection(SolutionProperties) = preSolution
		HideSolutionNode = FALSE
	EndGlobalSection
	GlobalSection(ExtensibilityGlobals) = postSolution
		SolutionGuid = {E703A48D-591A-4085-B0A4-E9687937BEEF}
	EndGlobalSection
EndGlobal
